
Microsoft Visual Studio Solution File, Format Version 12.00
# Visual Studio Version 16
VisualStudioVersion = 16.0.32602.291
MinimumVisualStudioVersion = 10.0.40219.1
Project("{2150E333-8FDC-42A3-9474-1A3956D46DE8}") = "Services", "Services", "{70EA4263-8DE4-4177-9957-78A3CCDDD800}"
EndProject
Project("{2150E333-8FDC-42A3-9474-1A3956D46DE8}") = "Catalog", "Catalog", "{7C65769F-9E9E-4EB3-96BC-C66EB748DA7E}"
EndProject
Project("{9A19103F-16F7-4668-BE54-9A1E7A4F7556}") = "Services.CatalogAPI", "Services\Catalog\Services.CatalogAPI\Services.CatalogAPI.csproj", "{4F516595-5BCD-4ABB-8D9A-C4DE2D555795}"
EndProject
Project("{2150E333-8FDC-42A3-9474-1A3956D46DE8}") = "Solution Items", "Solution Items", "{9F2A149D-DE78-4373-B0CE-8E93AD52CA44}"
	ProjectSection(SolutionItems) = preProject
		Ports.txt = Ports.txt
	EndProjectSection
EndProject
Project("{2150E333-8FDC-42A3-9474-1A3956D46DE8}") = "Shared", "Shared", "{0B3F384D-B120-45DB-B38F-56A0E2F00CE9}"
EndProject
Project("{2150E333-8FDC-42A3-9474-1A3956D46DE8}") = "IdentityServer", "IdentityServer", "{07285ACD-8ABD-4944-9300-36BE6F9F0EFF}"
EndProject
Project("{9A19103F-16F7-4668-BE54-9A1E7A4F7556}") = "Shared", "Shared\Shared.csproj", "{26432939-3DE9-4C83-8E05-A01AE9DBEDDE}"
EndProject
Project("{9A19103F-16F7-4668-BE54-9A1E7A4F7556}") = "IdentityServer", "IdentityServer\IdentityServer.csproj", "{C4645EAA-A96F-4B57-A751-97557FAD6B44}"
EndProject
Project("{2150E333-8FDC-42A3-9474-1A3956D46DE8}") = "PhotoStock", "PhotoStock", "{18660862-2751-4AA4-B9D9-57FD35D9A688}"
EndProject
Project("{9A19103F-16F7-4668-BE54-9A1E7A4F7556}") = "Services.PhotoStock", "Services\PhotoStock\Services.PhotoStock\Services.PhotoStock.csproj", "{9045839A-2F71-4848-A8DB-7976594B09B3}"
EndProject
Project("{2150E333-8FDC-42A3-9474-1A3956D46DE8}") = "Basket", "Basket", "{19374570-7E2F-4675-99A0-E476B12835D6}"
EndProject
Project("{9A19103F-16F7-4668-BE54-9A1E7A4F7556}") = "Services.BasketAPI", "Services\Basket\Services.BasketAPI\Services.BasketAPI.csproj", "{7F5731D5-DC15-4EDD-8DEF-752690DEE6CE}"
EndProject
Project("{2150E333-8FDC-42A3-9474-1A3956D46DE8}") = "Discount", "Discount", "{80D6B080-62BF-4CC3-831F-CD8E924E3C56}"
EndProject
Project("{9A19103F-16F7-4668-BE54-9A1E7A4F7556}") = "Services.DiscountAPI", "Services\Discount\Services.DiscountAPI\Services.DiscountAPI.csproj", "{43753C7D-6566-4F4E-8FE2-4C6CC31F7F30}"
EndProject
Project("{2150E333-8FDC-42A3-9474-1A3956D46DE8}") = "Order", "Order", "{9C163EB1-3320-40AA-9CCE-015BF1953BE1}"
EndProject
Project("{FAE04EC0-301F-11D3-BF4B-00C04F79EFBC}") = "Services.Order.Application", "Services\Order\Services.Order.Application\Services.Order.Application.csproj", "{1868395E-AE6D-4150-9072-07146D080610}"
EndProject
Project("{FAE04EC0-301F-11D3-BF4B-00C04F79EFBC}") = "Services.Order.Domain", "Services\Order\Services.Order.Domain\Services.Order.Domain.csproj", "{32DE062E-AA49-4968-8508-4F930E8461DF}"
EndProject
Project("{FAE04EC0-301F-11D3-BF4B-00C04F79EFBC}") = "Services.Order.Infrastructure", "Services\Order\Services.Order.Infrastructure\Services.Order.Infrastructure.csproj", "{FD9F0806-30D5-49FB-A541-0294C6C5998E}"
EndProject
Project("{FAE04EC0-301F-11D3-BF4B-00C04F79EFBC}") = "Services.Order.Domain.Core", "Services\Order\Services.Order.Domain.Core\Services.Order.Domain.Core.csproj", "{41F0FA51-CE9C-49E5-8FFD-E897AE1337D5}"
EndProject
Project("{9A19103F-16F7-4668-BE54-9A1E7A4F7556}") = "Services.Order.API", "Services\Order\Services.Order.API\Services.Order.API.csproj", "{429FE897-8746-4D3C-84AC-0C24D735A105}"
EndProject
Project("{2150E333-8FDC-42A3-9474-1A3956D46DE8}") = "FakePayment", "FakePayment", "{34F9DFA9-8A2F-480B-A3D7-15B4C0CF3C07}"
EndProject
Project("{FAE04EC0-301F-11D3-BF4B-00C04F79EFBC}") = "Services.FakePaymentAPI", "Services\FakePayment\Services.FakePaymentAPI\Services.FakePaymentAPI.csproj", "{E707E45D-FB38-4845-A977-1717195C21CD}"
EndProject
Global
	GlobalSection(SolutionConfigurationPlatforms) = preSolution
		Debug|Any CPU = Debug|Any CPU
		Release|Any CPU = Release|Any CPU
	EndGlobalSection
	GlobalSection(ProjectConfigurationPlatforms) = postSolution
		{4F516595-5BCD-4ABB-8D9A-C4DE2D555795}.Debug|Any CPU.ActiveCfg = Debug|Any CPU
		{4F516595-5BCD-4ABB-8D9A-C4DE2D555795}.Debug|Any CPU.Build.0 = Debug|Any CPU
		{4F516595-5BCD-4ABB-8D9A-C4DE2D555795}.Release|Any CPU.ActiveCfg = Release|Any CPU
		{4F516595-5BCD-4ABB-8D9A-C4DE2D555795}.Release|Any CPU.Build.0 = Release|Any CPU
		{26432939-3DE9-4C83-8E05-A01AE9DBEDDE}.Debug|Any CPU.ActiveCfg = Debug|Any CPU
		{26432939-3DE9-4C83-8E05-A01AE9DBEDDE}.Debug|Any CPU.Build.0 = Debug|Any CPU
		{26432939-3DE9-4C83-8E05-A01AE9DBEDDE}.Release|Any CPU.ActiveCfg = Release|Any CPU
		{26432939-3DE9-4C83-8E05-A01AE9DBEDDE}.Release|Any CPU.Build.0 = Release|Any CPU
		{C4645EAA-A96F-4B57-A751-97557FAD6B44}.Debug|Any CPU.ActiveCfg = Debug|Any CPU
		{C4645EAA-A96F-4B57-A751-97557FAD6B44}.Debug|Any CPU.Build.0 = Debug|Any CPU
		{C4645EAA-A96F-4B57-A751-97557FAD6B44}.Release|Any CPU.ActiveCfg = Release|Any CPU
		{C4645EAA-A96F-4B57-A751-97557FAD6B44}.Release|Any CPU.Build.0 = Release|Any CPU
		{9045839A-2F71-4848-A8DB-7976594B09B3}.Debug|Any CPU.ActiveCfg = Debug|Any CPU
		{9045839A-2F71-4848-A8DB-7976594B09B3}.Debug|Any CPU.Build.0 = Debug|Any CPU
		{9045839A-2F71-4848-A8DB-7976594B09B3}.Release|Any CPU.ActiveCfg = Release|Any CPU
		{9045839A-2F71-4848-A8DB-7976594B09B3}.Release|Any CPU.Build.0 = Release|Any CPU
		{7F5731D5-DC15-4EDD-8DEF-752690DEE6CE}.Debug|Any CPU.ActiveCfg = Debug|Any CPU
		{7F5731D5-DC15-4EDD-8DEF-752690DEE6CE}.Debug|Any CPU.Build.0 = Debug|Any CPU
		{7F5731D5-DC15-4EDD-8DEF-752690DEE6CE}.Release|Any CPU.ActiveCfg = Release|Any CPU
		{7F5731D5-DC15-4EDD-8DEF-752690DEE6CE}.Release|Any CPU.Build.0 = Release|Any CPU
		{43753C7D-6566-4F4E-8FE2-4C6CC31F7F30}.Debug|Any CPU.ActiveCfg = Debug|Any CPU
		{43753C7D-6566-4F4E-8FE2-4C6CC31F7F30}.Debug|Any CPU.Build.0 = Debug|Any CPU
		{43753C7D-6566-4F4E-8FE2-4C6CC31F7F30}.Release|Any CPU.ActiveCfg = Release|Any CPU
		{43753C7D-6566-4F4E-8FE2-4C6CC31F7F30}.Release|Any CPU.Build.0 = Release|Any CPU
		{1868395E-AE6D-4150-9072-07146D080610}.Debug|Any CPU.ActiveCfg = Debug|Any CPU
		{1868395E-AE6D-4150-9072-07146D080610}.Debug|Any CPU.Build.0 = Debug|Any CPU
		{1868395E-AE6D-4150-9072-07146D080610}.Release|Any CPU.ActiveCfg = Release|Any CPU
		{1868395E-AE6D-4150-9072-07146D080610}.Release|Any CPU.Build.0 = Release|Any CPU
		{32DE062E-AA49-4968-8508-4F930E8461DF}.Debug|Any CPU.ActiveCfg = Debug|Any CPU
		{32DE062E-AA49-4968-8508-4F930E8461DF}.Debug|Any CPU.Build.0 = Debug|Any CPU
		{32DE062E-AA49-4968-8508-4F930E8461DF}.Release|Any CPU.ActiveCfg = Release|Any CPU
		{32DE062E-AA49-4968-8508-4F930E8461DF}.Release|Any CPU.Build.0 = Release|Any CPU
		{FD9F0806-30D5-49FB-A541-0294C6C5998E}.Debug|Any CPU.ActiveCfg = Debug|Any CPU
		{FD9F0806-30D5-49FB-A541-0294C6C5998E}.Debug|Any CPU.Build.0 = Debug|Any CPU
		{FD9F0806-30D5-49FB-A541-0294C6C5998E}.Release|Any CPU.ActiveCfg = Release|Any CPU
		{FD9F0806-30D5-49FB-A541-0294C6C5998E}.Release|Any CPU.Build.0 = Release|Any CPU
		{41F0FA51-CE9C-49E5-8FFD-E897AE1337D5}.Debug|Any CPU.ActiveCfg = Debug|Any CPU
		{41F0FA51-CE9C-49E5-8FFD-E897AE1337D5}.Debug|Any CPU.Build.0 = Debug|Any CPU
		{41F0FA51-CE9C-49E5-8FFD-E897AE1337D5}.Release|Any CPU.ActiveCfg = Release|Any CPU
		{41F0FA51-CE9C-49E5-8FFD-E897AE1337D5}.Release|Any CPU.Build.0 = Release|Any CPU
		{429FE897-8746-4D3C-84AC-0C24D735A105}.Debug|Any CPU.ActiveCfg = Debug|Any CPU
		{429FE897-8746-4D3C-84AC-0C24D735A105}.Debug|Any CPU.Build.0 = Debug|Any CPU
		{429FE897-8746-4D3C-84AC-0C24D735A105}.Release|Any CPU.ActiveCfg = Release|Any CPU
		{429FE897-8746-4D3C-84AC-0C24D735A105}.Release|Any CPU.Build.0 = Release|Any CPU
		{E707E45D-FB38-4845-A977-1717195C21CD}.Debug|Any CPU.ActiveCfg = Debug|Any CPU
		{E707E45D-FB38-4845-A977-1717195C21CD}.Debug|Any CPU.Build.0 = Debug|Any CPU
		{E707E45D-FB38-4845-A977-1717195C21CD}.Release|Any CPU.ActiveCfg = Release|Any CPU
		{E707E45D-FB38-4845-A977-1717195C21CD}.Release|Any CPU.Build.0 = Release|Any CPU
	EndGlobalSection
	GlobalSection(SolutionProperties) = preSolution
		HideSolutionNode = FALSE
	EndGlobalSection
	GlobalSection(NestedProjects) = preSolution
		{7C65769F-9E9E-4EB3-96BC-C66EB748DA7E} = {70EA4263-8DE4-4177-9957-78A3CCDDD800}
		{4F516595-5BCD-4ABB-8D9A-C4DE2D555795} = {7C65769F-9E9E-4EB3-96BC-C66EB748DA7E}
		{26432939-3DE9-4C83-8E05-A01AE9DBEDDE} = {0B3F384D-B120-45DB-B38F-56A0E2F00CE9}
		{C4645EAA-A96F-4B57-A751-97557FAD6B44} = {07285ACD-8ABD-4944-9300-36BE6F9F0EFF}
		{18660862-2751-4AA4-B9D9-57FD35D9A688} = {70EA4263-8DE4-4177-9957-78A3CCDDD800}
		{9045839A-2F71-4848-A8DB-7976594B09B3} = {18660862-2751-4AA4-B9D9-57FD35D9A688}
		{19374570-7E2F-4675-99A0-E476B12835D6} = {70EA4263-8DE4-4177-9957-78A3CCDDD800}
		{7F5731D5-DC15-4EDD-8DEF-752690DEE6CE} = {19374570-7E2F-4675-99A0-E476B12835D6}
		{80D6B080-62BF-4CC3-831F-CD8E924E3C56} = {70EA4263-8DE4-4177-9957-78A3CCDDD800}
		{43753C7D-6566-4F4E-8FE2-4C6CC31F7F30} = {80D6B080-62BF-4CC3-831F-CD8E924E3C56}
		{9C163EB1-3320-40AA-9CCE-015BF1953BE1} = {70EA4263-8DE4-4177-9957-78A3CCDDD800}
		{1868395E-AE6D-4150-9072-07146D080610} = {9C163EB1-3320-40AA-9CCE-015BF1953BE1}
		{32DE062E-AA49-4968-8508-4F930E8461DF} = {9C163EB1-3320-40AA-9CCE-015BF1953BE1}
		{FD9F0806-30D5-49FB-A541-0294C6C5998E} = {9C163EB1-3320-40AA-9CCE-015BF1953BE1}
		{41F0FA51-CE9C-49E5-8FFD-E897AE1337D5} = {9C163EB1-3320-40AA-9CCE-015BF1953BE1}
		{429FE897-8746-4D3C-84AC-0C24D735A105} = {9C163EB1-3320-40AA-9CCE-015BF1953BE1}
		{34F9DFA9-8A2F-480B-A3D7-15B4C0CF3C07} = {70EA4263-8DE4-4177-9957-78A3CCDDD800}
		{E707E45D-FB38-4845-A977-1717195C21CD} = {34F9DFA9-8A2F-480B-A3D7-15B4C0CF3C07}
	EndGlobalSection
	GlobalSection(ExtensibilityGlobals) = postSolution
		SolutionGuid = {46718353-4479-40BB-9A8D-98366CD6FB00}
	EndGlobalSection
EndGlobal
